Microsoft Visual Studio Solution File, Format Version 12.00
# Visual Studio Version 17
VisualStudioVersion = 17.5.2.0
MinimumVisualStudioVersion = 10.0.40219.1
Project("{FAE04EC0-301F-11D3-BF4B-00C04F79EFBC}") = "PizzaShop.Web", "PizzaShop.Web.csproj", "{3757048C-F28B-0AC6-582E-07D785F20354}"
EndProject
Global
	GlobalSection(SolutionConfigurationPlatforms) = preSolution
		Debug|Any CPU = Debug|Any CPU
		Release|Any CPU = Release|Any CPU
	EndGlobalSection
	GlobalSection(ProjectConfigurationPlatforms) = postSolution
		{3757048C-F28B-0AC6-582E-07D785F20354}.Debug|Any CPU.ActiveCfg = Debug|Any CPU
		{3757048C-F28B-0AC6-582E-07D785F20354}.Debug|Any CPU.Build.0 = Debug|Any CPU
		{3757048C-F28B-0AC6-582E-07D785F20354}.Release|Any CPU.ActiveCfg = Release|Any CPU
		{3757048C-F28B-0AC6-582E-07D785F20354}.Release|Any CPU.Build.0 = Release|Any CPU
	EndGlobalSection
	GlobalSection(SolutionProperties) = preSolution
		HideSolutionNode = FALSE
	EndGlobalSection
	GlobalSection(ExtensibilityGlobals) = postSolution
		SolutionGuid = {2119ACB5-33FD-46C8-B451-5B697F8EF023}
	EndGlobalSection
EndGlobal
